
Microsoft Visual Studio Solution File, Format Version 12.00
# Visual Studio Version 16
VisualStudioVersion = 16.0.31729.503
MinimumVisualStudioVersion = 10.0.40219.1
Project("{FAE04EC0-301F-11D3-BF4B-00C04F79EFBC}") = "Irimies_Rares_Lab10.Android", "Irimies_Rares_Lab10.Android\Irimies_Rares_Lab10.Android.csproj", "{622718B7-1E13-4D14-93FE-747FE9B90CC8}"
EndProject
Project("{FAE04EC0-301F-11D3-BF4B-00C04F79EFBC}") = "Irimies_Rares_Lab10.iOS", "Irimies_Rares_Lab10.iOS\Irimies_Rares_Lab10.iOS.csproj", "{F4557D0B-4177-4AD1-AA41-6E3F0A39458A}"
EndProject
Project("{FAE04EC0-301F-11D3-BF4B-00C04F79EFBC}") = "Irimies_Rares_Lab10", "Irimies_Rares_Lab10\Irimies_Rares_Lab10.csproj", "{65C367F7-77CB-413B-B1DB-DA95254128BF}"
EndProject
Global
	GlobalSection(SolutionConfigurationPlatforms) = preSolution
		Debug|Any CPU = Debug|Any CPU
		Debug|iPhone = Debug|iPhone
		Debug|iPhoneSimulator = Debug|iPhoneSimulator
		Release|Any CPU = Release|Any CPU
		Release|iPhone = Release|iPhone
		Release|iPhoneSimulator = Release|iPhoneSimulator
	EndGlobalSection
	GlobalSection(ProjectConfigurationPlatforms) = postSolution
		{622718B7-1E13-4D14-93FE-747FE9B90CC8}.Debug|Any CPU.ActiveCfg = Debug|Any CPU
		{622718B7-1E13-4D14-93FE-747FE9B90CC8}.Debug|Any CPU.Build.0 = Debug|Any CPU
		{622718B7-1E13-4D14-93FE-747FE9B90CC8}.Debug|Any CPU.Deploy.0 = Debug|Any CPU
		{622718B7-1E13-4D14-93FE-747FE9B90CC8}.Debug|iPhone.ActiveCfg = Debug|Any CPU
		{622718B7-1E13-4D14-93FE-747FE9B90CC8}.Debug|iPhone.Build.0 = Debug|Any CPU
		{622718B7-1E13-4D14-93FE-747FE9B90CC8}.Debug|iPhone.Deploy.0 = Debug|Any CPU
		{622718B7-1E13-4D14-93FE-747FE9B90CC8}.Debug|iPhoneSimulator.ActiveCfg = Debug|Any CPU
		{622718B7-1E13-4D14-93FE-747FE9B90CC8}.Debug|iPhoneSimulator.Build.0 = Debug|Any CPU
		{622718B7-1E13-4D14-93FE-747FE9B90CC8}.Debug|iPhoneSimulator.Deploy.0 = Debug|Any CPU
		{622718B7-1E13-4D14-93FE-747FE9B90CC8}.Release|Any CPU.ActiveCfg = Release|Any CPU
		{622718B7-1E13-4D14-93FE-747FE9B90CC8}.Release|Any CPU.Build.0 = Release|Any CPU
		{622718B7-1E13-4D14-93FE-747FE9B90CC8}.Release|Any CPU.Deploy.0 = Release|Any CPU
		{622718B7-1E13-4D14-93FE-747FE9B90CC8}.Release|iPhone.ActiveCfg = Release|Any CPU
		{622718B7-1E13-4D14-93FE-747FE9B90CC8}.Release|iPhone.Build.0 = Release|Any CPU
		{622718B7-1E13-4D14-93FE-747FE9B90CC8}.Release|iPhone.Deploy.0 = Release|Any CPU
		{622718B7-1E13-4D14-93FE-747FE9B90CC8}.Release|iPhoneSimulator.ActiveCfg = Release|Any CPU
		{622718B7-1E13-4D14-93FE-747FE9B90CC8}.Release|iPhoneSimulator.Build.0 = Release|Any CPU
		{622718B7-1E13-4D14-93FE-747FE9B90CC8}.Release|iPhoneSimulator.Deploy.0 = Release|Any CPU
		{F4557D0B-4177-4AD1-AA41-6E3F0A39458A}.Debug|Any CPU.ActiveCfg = Debug|iPhone
		{F4557D0B-4177-4AD1-AA41-6E3F0A39458A}.Debug|Any CPU.Build.0 = Debug|iPhone
		{F4557D0B-4177-4AD1-AA41-6E3F0A39458A}.Debug|Any CPU.Deploy.0 = Debug|iPhone
		{F4557D0B-4177-4AD1-AA41-6E3F0A39458A}.Debug|iPhone.ActiveCfg = Debug|iPhone
		{F4557D0B-4177-4AD1-AA41-6E3F0A39458A}.Debug|iPhone.Build.0 = Debug|iPhone
		{F4557D0B-4177-4AD1-AA41-6E3F0A39458A}.Debug|iPhone.Deploy.0 = Debug|iPhone
		{F4557D0B-4177-4AD1-AA41-6E3F0A39458A}.Debug|iPhoneSimulator.ActiveCfg = Debug|iPhoneSimulator
		{F4557D0B-4177-4AD1-AA41-6E3F0A39458A}.Debug|iPhoneSimulator.Build.0 = Debug|iPhoneSimulator
		{F4557D0B-4177-4AD1-AA41-6E3F0A39458A}.Debug|iPhoneSimulator.Deploy.0 = Debug|iPhoneSimulator
		{F4557D0B-4177-4AD1-AA41-6E3F0A39458A}.Release|Any CPU.ActiveCfg = Release|iPhoneSimulator
		{F4557D0B-4177-4AD1-AA41-6E3F0A39458A}.Release|Any CPU.Build.0 = Release|iPhoneSimulator
		{F4557D0B-4177-4AD1-AA41-6E3F0A39458A}.Release|Any CPU.Deploy.0 = Release|iPhoneSimulator
		{F4557D0B-4177-4AD1-AA41-6E3F0A39458A}.Release|iPhone.ActiveCfg = Release|iPhone
		{F4557D0B-4177-4AD1-AA41-6E3F0A39458A}.Release|iPhone.Build.0 = Release|iPhone
		{F4557D0B-4177-4AD1-AA41-6E3F0A39458A}.Release|iPhone.Deploy.0 = Release|iPhone
		{F4557D0B-4177-4AD1-AA41-6E3F0A39458A}.Release|iPhoneSimulator.ActiveCfg = Release|iPhoneSimulator
		{F4557D0B-4177-4AD1-AA41-6E3F0A39458A}.Release|iPhoneSimulator.Build.0 = Release|iPhoneSimulator
		{F4557D0B-4177-4AD1-AA41-6E3F0A39458A}.Release|iPhoneSimulator.Deploy.0 = Release|iPhoneSimulator
		{65C367F7-77CB-413B-B1DB-DA95254128BF}.Debug|Any CPU.ActiveCfg = Debug|Any CPU
		{65C367F7-77CB-413B-B1DB-DA95254128BF}.Debug|Any CPU.Build.0 = Debug|Any CPU
		{65C367F7-77CB-413B-B1DB-DA95254128BF}.Debug|Any CPU.Deploy.0 = Debug|Any CPU
		{65C367F7-77CB-413B-B1DB-DA95254128BF}.Debug|iPhone.ActiveCfg = Debug|Any CPU
		{65C367F7-77CB-413B-B1DB-DA95254128BF}.Debug|iPhone.Build.0 = Debug|Any CPU
		{65C367F7-77CB-413B-B1DB-DA95254128BF}.Debug|iPhone.Deploy.0 = Debug|Any CPU
		{65C367F7-77CB-413B-B1DB-DA95254128BF}.Debug|iPhoneSimulator.ActiveCfg = Debug|Any CPU
		{65C367F7-77CB-413B-B1DB-DA95254128BF}.Debug|iPhoneSimulator.Build.0 = Debug|Any CPU
		{65C367F7-77CB-413B-B1DB-DA95254128BF}.Debug|iPhoneSimulator.Deploy.0 = Debug|Any CPU
		{65C367F7-77CB-413B-B1DB-DA95254128BF}.Release|Any CPU.ActiveCfg = Release|Any CPU
		{65C367F7-77CB-413B-B1DB-DA95254128BF}.Release|Any CPU.Build.0 = Release|Any CPU
		{65C367F7-77CB-413B-B1DB-DA95254128BF}.Release|Any CPU.Deploy.0 = Release|Any CPU
		{65C367F7-77CB-413B-B1DB-DA95254128BF}.Release|iPhone.ActiveCfg = Release|Any CPU
		{65C367F7-77CB-413B-B1DB-DA95254128BF}.Release|iPhone.Build.0 = Release|Any CPU
		{65C367F7-77CB-413B-B1DB-DA95254128BF}.Release|iPhone.Deploy.0 = Release|Any CPU
		{65C367F7-77CB-413B-B1DB-DA95254128BF}.Release|iPhoneSimulator.ActiveCfg = Release|Any CPU
		{65C367F7-77CB-413B-B1DB-DA95254128BF}.Release|iPhoneSimulator.Build.0 = Release|Any CPU
		{65C367F7-77CB-413B-B1DB-DA95254128BF}.Release|iPhoneSimulator.Deploy.0 = Release|Any CPU
	EndGlobalSection
	GlobalSection(SolutionProperties) = preSolution
		HideSolutionNode = FALSE
	EndGlobalSection
	GlobalSection(ExtensibilityGlobals) = postSolution
		SolutionGuid = {18CBA096-2B96-46A3-B206-3C89E7C8108E}
	EndGlobalSection
EndGlobal
